
Microsoft Visual Studio Solution File, Format Version 12.00
# Visual Studio Version 17
VisualStudioVersion = 17.4.33205.214
MinimumVisualStudioVersion = 10.0.40219.1
Project("{FAE04EC0-301F-11D3-BF4B-00C04F79EFBC}") = "Project.BLL", "Project.BLL\Project.BLL.csproj", "{8C10B612-536F-4049-A389-0D32524686C5}"
EndProject
Project("{FAE04EC0-301F-11D3-BF4B-00C04F79EFBC}") = "Project.DAL", "Project.DAL\Project.DAL.csproj", "{6FB982D9-2DAA-43E1-956D-1C4FFED6FAD3}"
EndProject
Project("{FAE04EC0-301F-11D3-BF4B-00C04F79EFBC}") = "Project.ENTITIES", "Project.ENTITIES\Project.ENTITIES.csproj", "{FFC103F9-9B37-4D50-AFB9-A1C8061BC555}"
EndProject
Project("{FAE04EC0-301F-11D3-BF4B-00C04F79EFBC}") = "Project.MAP", "Project.MAP\Project.MAP.csproj", "{C285CE31-AD33-4A9F-8DD7-B0A437FF23A1}"
EndProject
Project("{FAE04EC0-301F-11D3-BF4B-00C04F79EFBC}") = "Project.WinUI", "Project.WinUI\Project.WinUI.csproj", "{987F9091-BCF5-4974-B35A-5D58A65E45D9}"
EndProject
Global
	GlobalSection(SolutionConfigurationPlatforms) = preSolution
		Debug|Any CPU = Debug|Any CPU
		Release|Any CPU = Release|Any CPU
	EndGlobalSection
	GlobalSection(ProjectConfigurationPlatforms) = postSolution
		{8C10B612-536F-4049-A389-0D32524686C5}.Debug|Any CPU.ActiveCfg = Debug|Any CPU
		{8C10B612-536F-4049-A389-0D32524686C5}.Debug|Any CPU.Build.0 = Debug|Any CPU
		{8C10B612-536F-4049-A389-0D32524686C5}.Release|Any CPU.ActiveCfg = Release|Any CPU
		{8C10B612-536F-4049-A389-0D32524686C5}.Release|Any CPU.Build.0 = Release|Any CPU
		{6FB982D9-2DAA-43E1-956D-1C4FFED6FAD3}.Debug|Any CPU.ActiveCfg = Debug|Any CPU
		{6FB982D9-2DAA-43E1-956D-1C4FFED6FAD3}.Debug|Any CPU.Build.0 = Debug|Any CPU
		{6FB982D9-2DAA-43E1-956D-1C4FFED6FAD3}.Release|Any CPU.ActiveCfg = Release|Any CPU
		{6FB982D9-2DAA-43E1-956D-1C4FFED6FAD3}.Release|Any CPU.Build.0 = Release|Any CPU
		{FFC103F9-9B37-4D50-AFB9-A1C8061BC555}.Debug|Any CPU.ActiveCfg = Debug|Any CPU
		{FFC103F9-9B37-4D50-AFB9-A1C8061BC555}.Debug|Any CPU.Build.0 = Debug|Any CPU
		{FFC103F9-9B37-4D50-AFB9-A1C8061BC555}.Release|Any CPU.ActiveCfg = Release|Any CPU
		{FFC103F9-9B37-4D50-AFB9-A1C8061BC555}.Release|Any CPU.Build.0 = Release|Any CPU
		{C285CE31-AD33-4A9F-8DD7-B0A437FF23A1}.Debug|Any CPU.ActiveCfg = Debug|Any CPU
		{C285CE31-AD33-4A9F-8DD7-B0A437FF23A1}.Debug|Any CPU.Build.0 = Debug|Any CPU
		{C285CE31-AD33-4A9F-8DD7-B0A437FF23A1}.Release|Any CPU.ActiveCfg = Release|Any CPU
		{C285CE31-AD33-4A9F-8DD7-B0A437FF23A1}.Release|Any CPU.Build.0 = Release|Any CPU
		{987F9091-BCF5-4974-B35A-5D58A65E45D9}.Debug|Any CPU.ActiveCfg = Debug|Any CPU
		{987F9091-BCF5-4974-B35A-5D58A65E45D9}.Debug|Any CPU.Build.0 = Debug|Any CPU
		{987F9091-BCF5-4974-B35A-5D58A65E45D9}.Release|Any CPU.ActiveCfg = Release|Any CPU
		{987F9091-BCF5-4974-B35A-5D58A65E45D9}.Release|Any CPU.Build.0 = Release|Any CPU
	EndGlobalSection
	GlobalSection(SolutionProperties) = preSolution
		HideSolutionNode = FALSE
	EndGlobalSection
	GlobalSection(ExtensibilityGlobals) = postSolution
		SolutionGuid = {A5F368D1-E2F6-40E5-AFA5-742FFA5CEE8D}
	EndGlobalSection
EndGlobal
